
Microsoft Visual Studio Solution File, Format Version 12.00
# Visual Studio Version 17
VisualStudioVersion = 17.11.35312.102
MinimumVisualStudioVersion = 10.0.40219.1
Project("{FAE04EC0-301F-11D3-BF4B-00C04F79EFBC}") = "CR", "CR\CR.csproj", "{B7C2B3C5-A64C-46B2-AD46-AD3578035E86}"
EndProject
Global
	GlobalSection(SolutionConfigurationPlatforms) = preSolution
		Debug|Any CPU = Debug|Any CPU
		Release|Any CPU = Release|Any CPU
	EndGlobalSection
	GlobalSection(ProjectConfigurationPlatforms) = postSolution
		{B7C2B3C5-A64C-46B2-AD46-AD3578035E86}.Debug|Any CPU.ActiveCfg = Debug|Any CPU
		{B7C2B3C5-A64C-46B2-AD46-AD3578035E86}.Debug|Any CPU.Build.0 = Debug|Any CPU
		{B7C2B3C5-A64C-46B2-AD46-AD3578035E86}.Release|Any CPU.ActiveCfg = Release|Any CPU
		{B7C2B3C5-A64C-46B2-AD46-AD3578035E86}.Release|Any CPU.Build.0 = Release|Any CPU
	EndGlobalSection
	GlobalSection(SolutionProperties) = preSolution
		HideSolutionNode = FALSE
	EndGlobalSection
	GlobalSection(ExtensibilityGlobals) = postSolution
		SolutionGuid = {3FCE4D8E-F6D9-4E6B-85F9-EB44EFA68D81}
	EndGlobalSection
EndGlobal
